{
  "lockfileVersion": 3,
  "name": "endure-quality-tools",
  "packages": {
    "": {
      "devDependencies": {
        "jscpd": "5.0.16"
      },
      "engines": {
        "node": ">=22"
      },
      "name": "endure-quality-tools",
      "version": "0.0.0"
    },
    "node_modules/jscpd": {
      "bin": {
        "jscpd": "run-jscpd.js"
      },
      "dev": true,
      "engines": {
        "node": ">=18"
      },
      "integrity": "sha512-TiQ4zKtKeldep6UswXFHjVCDhVdLBaJyQcZjhCSzVOmKpT6HBj0jUZiphP1vK1X3VSSuzwcfifJVNpsOIiwRCg==",
      "license": "MIT",
      "optionalDependencies": {
        "jscpd-darwin-arm64": "5.0.16",
        "jscpd-darwin-x64": "5.0.16",
        "jscpd-linux-arm64-gnu": "5.0.16",
        "jscpd-linux-x64-gnu": "5.0.16",
        "jscpd-linux-x64-musl": "5.0.16",
        "jscpd-windows-x64-msvc": "5.0.16"
      },
      "resolved": "https://registry.npmjs.org/jscpd/-/jscpd-5.0.16.tgz",
      "version": "5.0.16"
    },
    "node_modules/jscpd-darwin-arm64": {
      "cpu": [
        "arm64"
      ],
      "dev": true,
      "integrity": "sha512-Tu6OAg3Rp6m7LCZqOtPViJxYGTKXTLrI/xMyjEKe79N9L7GpbI3XhgotGDpoE+PjLRbgJgGhRKbkKK18FPySmQ==",
      "license": "MIT",
      "optional": true,
      "os": [
        "darwin"
      ],
      "resolved": "https://registry.npmjs.org/jscpd-darwin-arm64/-/jscpd-darwin-arm64-5.0.16.tgz",
      "version": "5.0.16"
    },
    "node_modules/jscpd-darwin-x64": {
      "cpu": [
        "x64"
      ],
      "dev": true,
      "integrity": "sha512-3btQ1aG8K7+9rvJjyaRJRcSBD0DvHgZOUVlecjnyO99FYzMvdFREq67UIl5CAXFeYf5EY8TSorCMZQxL6TBD0w==",
      "license": "MIT",
      "optional": true,
      "os": [
        "darwin"
      ],
      "resolved": "https://registry.npmjs.org/jscpd-darwin-x64/-/jscpd-darwin-x64-5.0.16.tgz",
      "version": "5.0.16"
    },
    "node_modules/jscpd-linux-arm64-gnu": {
      "cpu": [
        "arm64"
      ],
      "dev": true,
      "integrity": "sha512-L1F9CNHxRPqGJCKgGRA4gtZcESACFkS2lgfPgWn9fG+4CkiewLcYyy/oxrafJJL1/PPTQ24sbLuzPaKUxJuvuw==",
      "license": "MIT",
      "optional": true,
      "os": [
        "linux"
      ],
      "resolved": "https://registry.npmjs.org/jscpd-linux-arm64-gnu/-/jscpd-linux-arm64-gnu-5.0.16.tgz",
      "version": "5.0.16"
    },
    "node_modules/jscpd-linux-x64-gnu": {
      "cpu": [
        "x64"
      ],
      "dev": true,
      "integrity": "sha512-BruP+sAr0+6QsEQZvOkgcS+xR23y4s1hLA0xfkcO1zFFXdnmQdJ4w23/U8VlPwqO2dFRaAEseYEXjHs5oQQGFw==",
      "license": "MIT",
      "optional": true,
      "os": [
        "linux"
      ],
      "resolved": "https://registry.npmjs.org/jscpd-linux-x64-gnu/-/jscpd-linux-x64-gnu-5.0.16.tgz",
      "version": "5.0.16"
    },
    "node_modules/jscpd-linux-x64-musl": {
      "cpu": [
        "x64"
      ],
      "dev": true,
      "integrity": "sha512-T36RtMnF695Y1/T3cLEhgvspHdKoiF+oxK/lklGJWriLieImZolSOjGXsecW2bp7MNMMGlqLLRzr2RNgnwy+Hg==",
      "license": "MIT",
      "optional": true,
      "os": [
        "linux"
      ],
      "resolved": "https://registry.npmjs.org/jscpd-linux-x64-musl/-/jscpd-linux-x64-musl-5.0.16.tgz",
      "version": "5.0.16"
    },
    "node_modules/jscpd-windows-x64-msvc": {
      "cpu": [
        "x64"
      ],
      "dev": true,
      "integrity": "sha512-BcrY18r6uje+TjgBKdFZJz6qfAAh9QT24KZYZk+jk6tuIKOYIm6oRMeQEu3Tzr/len9ZethN2h1bKmv+EfHcGw==",
      "license": "MIT",
      "optional": true,
      "os": [
        "win32"
      ],
      "resolved": "https://registry.npmjs.org/jscpd-windows-x64-msvc/-/jscpd-windows-x64-msvc-5.0.16.tgz",
      "version": "5.0.16"
    }
  },
  "requires": true,
  "version": "0.0.0"
}
